// !$*UTF8*$!
{
	archiveVersion = 1;
	classes = {
	};
	objectVersion = 46;
	objects = {

/* Begin PBXBuildFile section */
		BC12DE9E1CB7B2170066C860 /* DLCompoundProject.xcdatamodeld in Sources */ = {isa = PBXBuildFile; fileRef = BC12DE9C1CB7B2170066C860 /* DLCompoundProject.xcdatamodeld */; };
		BC12DEA11CB7B3240066C860 /* DLCoreDataViewController.m in Sources */ = {isa = PBXBuildFile; fileRef = BC12DEA01CB7B3240066C860 /* DLCoreDataViewController.m */; };
		BC12DEA41CB7B5670066C860 /* DLCoredataTableviewCell.m in Sources */ = {isa = PBXBuildFile; fileRef = BC12DEA31CB7B5670066C860 /* DLCoredataTableviewCell.m */; };
		BC2B219C1CB60F9300088B77 /* DLRedirectFromTbaleViewController.m in Sources */ = {isa = PBXBuildFile; fileRef = BC2B219B1CB60F9300088B77 /* DLRedirectFromTbaleViewController.m */; };
		BC2B21A11CB62F4000088B77 /* DLTransitionAnimator.m in Sources */ = {isa = PBXBuildFile; fileRef = BC2B21A01CB62F4000088B77 /* DLTransitionAnimator.m */; };
		BC2B21A71CB6365000088B77 /* DL3DTransitionMenuTableViewController.m in Sources */ = {isa = PBXBuildFile; fileRef = BC2B21A61CB6365000088B77 /* DL3DTransitionMenuTableViewController.m */; };
		BC2B21AA1CB636A900088B77 /* DLMenuModel.m in Sources */ = {isa = PBXBuildFile; fileRef = BC2B21A91CB636A900088B77 /* DLMenuModel.m */; };
		BC2B21AD1CB63C0500088B77 /* DL3DViewController.m in Sources */ = {isa = PBXBuildFile; fileRef = BC2B21AC1CB63C0500088B77 /* DL3DViewController.m */; };
		BC2B21B01CB6459900088B77 /* DL3DMainViewController.m in Sources */ = {isa = PBXBuildFile; fileRef = BC2B21AF1CB6459900088B77 /* DL3DMainViewController.m */; };
		BC4CFCFA1CB4EF7500821D1F /* main.m in Sources */ = {isa = PBXBuildFile; fileRef = BC4CFCF91CB4EF7500821D1F /* main.m */; };
		BC4CFCFD1CB4EF7500821D1F /* AppDelegate.m in Sources */ = {isa = PBXBuildFile; fileRef = BC4CFCFC1CB4EF7500821D1F /* AppDelegate.m */; };
		BC4CFD001CB4EF7500821D1F /* ViewController.m in Sources */ = {isa = PBXBuildFile; fileRef = BC4CFCFF1CB4EF7500821D1F /* ViewController.m */; };
		BC4CFD031CB4EF7500821D1F /* Main.storyboard in Resources */ = {isa = PBXBuildFile; fileRef = BC4CFD011CB4EF7500821D1F /* Main.storyboard */; };
		BC4CFD051CB4EF7500821D1F /* Assets.xcassets in Resources */ = {isa = PBXBuildFile; fileRef = BC4CFD041CB4EF7500821D1F /* Assets.xcassets */; };
		BC4CFD081CB4EF7500821D1F /* LaunchScreen.storyboard in Resources */ = {isa = PBXBuildFile; fileRef = BC4CFD061CB4EF7500821D1F /* LaunchScreen.storyboard */; };
		BC4CFD2B1CB4F05900821D1F /* Info.plist in Resources */ = {isa = PBXBuildFile; fileRef = BC4CFD111CB4F05900821D1F /* Info.plist */; };
		BC4CFD2C1CB4F05900821D1F /* MASCompositeConstraint.m in Sources */ = {isa = PBXBuildFile; fileRef = BC4CFD131CB4F05900821D1F /* MASCompositeConstraint.m */; };
		BC4CFD2D1CB4F05900821D1F /* MASConstraint.m in Sources */ = {isa = PBXBuildFile; fileRef = BC4CFD161CB4F05900821D1F /* MASConstraint.m */; };
		BC4CFD2E1CB4F05900821D1F /* MASConstraintMaker.m in Sources */ = {isa = PBXBuildFile; fileRef = BC4CFD181CB4F05900821D1F /* MASConstraintMaker.m */; };
		BC4CFD2F1CB4F05900821D1F /* MASLayoutConstraint.m in Sources */ = {isa = PBXBuildFile; fileRef = BC4CFD1A1CB4F05900821D1F /* MASLayoutConstraint.m */; };
		BC4CFD301CB4F05900821D1F /* MASViewAttribute.m in Sources */ = {isa = PBXBuildFile; fileRef = BC4CFD1E1CB4F05900821D1F /* MASViewAttribute.m */; };
		BC4CFD311CB4F05900821D1F /* MASViewConstraint.m in Sources */ = {isa = PBXBuildFile; fileRef = BC4CFD201CB4F05900821D1F /* MASViewConstraint.m */; };
		BC4CFD321CB4F05900821D1F /* NSArray+MASAdditions.m in Sources */ = {isa = PBXBuildFile; fileRef = BC4CFD221CB4F05900821D1F /* NSArray+MASAdditions.m */; };
		BC4CFD331CB4F05900821D1F /* NSLayoutConstraint+MASDebugAdditions.m in Sources */ = {isa = PBXBuildFile; fileRef = BC4CFD251CB4F05900821D1F /* NSLayoutConstraint+MASDebugAdditions.m */; };
		BC4CFD341CB4F05900821D1F /* View+MASAdditions.m in Sources */ = {isa = PBXBuildFile; fileRef = BC4CFD271CB4F05900821D1F /* View+MASAdditions.m */; };
		BC4CFD351CB4F05900821D1F /* ViewController+MASAdditions.m in Sources */ = {isa = PBXBuildFile; fileRef = BC4CFD2A1CB4F05900821D1F /* ViewController+MASAdditions.m */; };
		BC4CFD391CB4F3EA00821D1F /* DLCollectionView.m in Sources */ = {isa = PBXBuildFile; fileRef = BC4CFD381CB4F3EA00821D1F /* DLCollectionView.m */; };
		BC5E6A431CB74655000BD915 /* NotificationCenter.framework in Frameworks */ = {isa = PBXBuildFile; fileRef = BC5E6A421CB74655000BD915 /* NotificationCenter.framework */; };
		BC5E6A471CB74655000BD915 /* TodayViewController.m in Sources */ = {isa = PBXBuildFile; fileRef = BC5E6A461CB74655000BD915 /* TodayViewController.m */; };
		BC5E6A4A1CB74655000BD915 /* MainInterface.storyboard in Resources */ = {isa = PBXBuildFile; fileRef = BC5E6A481CB74655000BD915 /* MainInterface.storyboard */; };
		BC5E6A4E1CB74655000BD915 /* DLCompoundProjectTodayExtension.appex in Embed App Extensions */ = {isa = PBXBuildFile; fileRef = BC5E6A401CB74655000BD915 /* DLCompoundProjectTodayExtension.appex */; settings = {ATTRIBUTES = (RemoveHeadersOnCopy, ); }; };
		BC5E6A781CB77F41000BD915 /* DLStackViewController.m in Sources */ = {isa = PBXBuildFile; fileRef = BC5E6A771CB77F41000BD915 /* DLStackViewController.m */; };
		BC5FA37F1CB4FA1F001CF4E9 /* DLCollectionViewCell.m in Sources */ = {isa = PBXBuildFile; fileRef = BC5FA37E1CB4FA1F001CF4E9 /* DLCollectionViewCell.m */; };
/* End PBXBuildFile section */

/* Begin PBXContainerItemProxy section */
		BC5E6A4C1CB74655000BD915 /* PBXContainerItemProxy */ = {
			isa = PBXContainerItemProxy;
			containerPortal = BC4CFCED1CB4EF7500821D1F /* Project object */;
			proxyType = 1;
			remoteGlobalIDString = BC5E6A3F1CB74655000BD915;
			remoteInfo = DLCompoundProjectTodayExtension;
		};
/* End PBXContainerItemProxy section */

/* Begin PBXCopyFilesBuildPhase section */
		BC5E6A521CB74655000BD915 /* Embed App Extensions */ = {
			isa = PBXCopyFilesBuildPhase;
			buildActionMask = 2147483647;
			dstPath = "";
			dstSubfolderSpec = 13;
			files = (
				BC5E6A4E1CB74655000BD915 /* DLCompoundProjectTodayExtension.appex in Embed App Extensions */,
			);
			name = "Embed App Extensions";
			runOnlyForDeploymentPostprocessing = 0;
		};
/* End PBXCopyFilesBuildPhase section */

/* Begin PBXFileReference section */
		BC12DE9D1CB7B2170066C860 /* DLCompoundProject.xcdatamodel */ = {isa = PBXFileReference; lastKnownFileType = wrapper.xcdatamodel; path = DLCompoundProject.xcdatamodel; sourceTree = "<group>"; };
		BC12DE9F1CB7B3240066C860 /* DLCoreDataViewController.h */ = {isa = PBXFileReference; fileEncoding = 4; lastKnownFileType = sourcecode.c.h; path = DLCoreDataViewController.h; sourceTree = "<group>"; };
		BC12DEA01CB7B3240066C860 /* DLCoreDataViewController.m */ = {isa = PBXFileReference; fileEncoding = 4; lastKnownFileType = sourcecode.c.objc; path = DLCoreDataViewController.m; sourceTree = "<group>"; };
		BC12DEA21CB7B5670066C860 /* DLCoredataTableviewCell.h */ = {isa = PBXFileReference; fileEncoding = 4; lastKnownFileType = sourcecode.c.h; path = DLCoredataTableviewCell.h; sourceTree = "<group>"; };
		BC12DEA31CB7B5670066C860 /* DLCoredataTableviewCell.m */ = {isa = PBXFileReference; fileEncoding = 4; lastKnownFileType = sourcecode.c.objc; path = DLCoredataTableviewCell.m; sourceTree = "<group>"; };
		BC2B21991CB5F69F00088B77 /* DLCompoundProject.pch */ = {isa = PBXFileReference; lastKnownFileType = sourcecode.c.h; path = DLCompoundProject.pch; sourceTree = "<group>"; };
		BC2B219A1CB60F9300088B77 /* DLRedirectFromTbaleViewController.h */ = {isa = PBXFileReference; fileEncoding = 4; lastKnownFileType = sourcecode.c.h; path = DLRedirectFromTbaleViewController.h; sourceTree = "<group>"; };
		BC2B219B1CB60F9300088B77 /* DLRedirectFromTbaleViewController.m */ = {isa = PBXFileReference; fileEncoding = 4; lastKnownFileType = sourcecode.c.objc; path = DLRedirectFromTbaleViewController.m; sourceTree = "<group>"; };
		BC2B219F1CB62F4000088B77 /* DLTransitionAnimator.h */ = {isa = PBXFileReference; fileEncoding = 4; lastKnownFileType = sourcecode.c.h; path = DLTransitionAnimator.h; sourceTree = "<group>"; };
		BC2B21A01CB62F4000088B77 /* DLTransitionAnimator.m */ = {isa = PBXFileReference; fileEncoding = 4; lastKnownFileType = sourcecode.c.objc; path = DLTransitionAnimator.m; sourceTree = "<group>"; };
		BC2B21A51CB6365000088B77 /* DL3DTransitionMenuTableViewController.h */ = {isa = PBXFileReference; fileEncoding = 4; lastKnownFileType = sourcecode.c.h; path = DL3DTransitionMenuTableViewController.h; sourceTree = "<group>"; };
		BC2B21A61CB6365000088B77 /* DL3DTransitionMenuTableViewController.m */ = {isa = PBXFileReference; fileEncoding = 4; lastKnownFileType = sourcecode.c.objc; path = DL3DTransitionMenuTableViewController.m; sourceTree = "<group>"; };
		BC2B21A81CB636A900088B77 /* DLMenuModel.h */ = {isa = PBXFileReference; fileEncoding = 4; lastKnownFileType = sourcecode.c.h; path = DLMenuModel.h; sourceTree = "<group>"; };
		BC2B21A91CB636A900088B77 /* DLMenuModel.m */ = {isa = PBXFileReference; fileEncoding = 4; lastKnownFileType = sourcecode.c.objc; path = DLMenuModel.m; sourceTree = "<group>"; };
		BC2B21AB1CB63C0500088B77 /* DL3DViewController.h */ = {isa = PBXFileReference; fileEncoding = 4; lastKnownFileType = sourcecode.c.h; path = DL3DViewController.h; sourceTree = "<group>"; };
		BC2B21AC1CB63C0500088B77 /* DL3DViewController.m */ = {isa = PBXFileReference; fileEncoding = 4; lastKnownFileType = sourcecode.c.objc; path = DL3DViewController.m; sourceTree = "<group>"; };
		BC2B21AE1CB6459900088B77 /* DL3DMainViewController.h */ = {isa = PBXFileReference; fileEncoding = 4; lastKnownFileType = sourcecode.c.h; path = DL3DMainViewController.h; sourceTree = "<group>"; };
		BC2B21AF1CB6459900088B77 /* DL3DMainViewController.m */ = {isa = PBXFileReference; fileEncoding = 4; lastKnownFileType = sourcecode.c.objc; path = DL3DMainViewController.m; sourceTree = "<group>"; };
		BC4CFCF51CB4EF7500821D1F /* DLCompoundProject.app */ = {isa = PBXFileReference; explicitFileType = wrapper.application; includeInIndex = 0; path = DLCompoundProject.app; sourceTree = BUILT_PRODUCTS_DIR; };
		BC4CFCF91CB4EF7500821D1F /* main.m */ = {isa = PBXFileReference; lastKnownFileType = sourcecode.c.objc; path = main.m; sourceTree = "<group>"; };
		BC4CFCFB1CB4EF7500821D1F /* AppDelegate.h */ = {isa = PBXFileReference; lastKnownFileType = sourcecode.c.h; path = AppDelegate.h; sourceTree = "<group>"; };
		BC4CFCFC1CB4EF7500821D1F /* AppDelegate.m */ = {isa = PBXFileReference; lastKnownFileType = sourcecode.c.objc; path = AppDelegate.m; sourceTree = "<group>"; };
		BC4CFCFE1CB4EF7500821D1F /* ViewController.h */ = {isa = PBXFileReference; lastKnownFileType = sourcecode.c.h; name = ViewController.h; path = ../ViewController.h; sourceTree = "<group>"; };
		BC4CFCFF1CB4EF7500821D1F /* ViewController.m */ = {isa = PBXFileReference; lastKnownFileType = sourcecode.c.objc; name = ViewController.m; path = ../ViewController.m; sourceTree = "<group>"; };
		BC4CFD021CB4EF7500821D1F /* Base */ = {isa = PBXFileReference; lastKnownFileType = file.storyboard; name = Base; path = Base.lproj/Main.storyboard; sourceTree = "<group>"; };
		BC4CFD041CB4EF7500821D1F /* Assets.xcassets */ = {isa = PBXFileReference; lastKnownFileType = folder.assetcatalog; path = Assets.xcassets; sourceTree = "<group>"; };
		BC4CFD071CB4EF7500821D1F /* Base */ = {isa = PBXFileReference; lastKnownFileType = file.storyboard; name = Base; path = Base.lproj/LaunchScreen.storyboard; sourceTree = "<group>"; };
		BC4CFD091CB4EF7500821D1F /* Info.plist */ = {isa = PBXFileReference; lastKnownFileType = text.plist.xml; path = Info.plist; sourceTree = "<group>"; };
		BC4CFD111CB4F05900821D1F /* Info.plist */ = {isa = PBXFileReference; fileEncoding = 4; lastKnownFileType = text.plist.xml; path = Info.plist; sourceTree = "<group>"; };
		BC4CFD121CB4F05900821D1F /* MASCompositeConstraint.h */ = {isa = PBXFileReference; fileEncoding = 4; lastKnownFileType = sourcecode.c.h; path = MASCompositeConstraint.h; sourceTree = "<group>"; };
		BC4CFD131CB4F05900821D1F /* MASCompositeConstraint.m */ = {isa = PBXFileReference; fileEncoding = 4; lastKnownFileType = sourcecode.c.objc; path = MASCompositeConstraint.m; sourceTree = "<group>"; };
		BC4CFD141CB4F05900821D1F /* MASConstraint+Private.h */ = {isa = PBXFileReference; fileEncoding = 4; lastKnownFileType = sourcecode.c.h; path = "MASConstraint+Private.h"; sourceTree = "<group>"; };
		BC4CFD151CB4F05900821D1F /* MASConstraint.h */ = {isa = PBXFileReference; fileEncoding = 4; lastKnownFileType = sourcecode.c.h; path = MASConstraint.h; sourceTree = "<group>"; };
		BC4CFD161CB4F05900821D1F /* MASConstraint.m */ = {isa = PBXFileReference; fileEncoding = 4; lastKnownFileType = sourcecode.c.objc; path = MASConstraint.m; sourceTree = "<group>"; };
		BC4CFD171CB4F05900821D1F /* MASConstraintMaker.h */ = {isa = PBXFileReference; fileEncoding = 4; lastKnownFileType = sourcecode.c.h; path = MASConstraintMaker.h; sourceTree = "<group>"; };
		BC4CFD181CB4F05900821D1F /* MASConstraintMaker.m */ = {isa = PBXFileReference; fileEncoding = 4; lastKnownFileType = sourcecode.c.objc; path = MASConstraintMaker.m; sourceTree = "<group>"; };
		BC4CFD191CB4F05900821D1F /* MASLayoutConstraint.h */ = {isa = PBXFileReference; fileEncoding = 4; lastKnownFileType = sourcecode.c.h; path = MASLayoutConstraint.h; sourceTree = "<group>"; };
		BC4CFD1A1CB4F05900821D1F /* MASLayoutConstraint.m */ = {isa = PBXFileReference; fileEncoding = 4; lastKnownFileType = sourcecode.c.objc; path = MASLayoutConstraint.m; sourceTree = "<group>"; };
		BC4CFD1B1CB4F05900821D1F /* Masonry.h */ = {isa = PBXFileReference; fileEncoding = 4; lastKnownFileType = sourcecode.c.h; path = Masonry.h; sourceTree = "<group>"; };
		BC4CFD1C1CB4F05900821D1F /* MASUtilities.h */ = {isa = PBXFileReference; fileEncoding = 4; lastKnownFileType = sourcecode.c.h; path = MASUtilities.h; sourceTree = "<group>"; };
		BC4CFD1D1CB4F05900821D1F /* MASViewAttribute.h */ = {isa = PBXFileReference; fileEncoding = 4; lastKnownFileType = sourcecode.c.h; path = MASViewAttribute.h; sourceTree = "<group>"; };
		BC4CFD1E1CB4F05900821D1F /* MASViewAttribute.m */ = {isa = PBXFileReference; fileEncoding = 4; lastKnownFileType = sourcecode.c.objc; path = MASViewAttribute.m; sourceTree = "<group>"; };
		BC4CFD1F1CB4F05900821D1F /* MASViewConstraint.h */ = {isa = PBXFileReference; fileEncoding = 4; lastKnownFileType = sourcecode.c.h; path = MASViewConstraint.h; sourceTree = "<group>"; };
		BC4CFD201CB4F05900821D1F /* MASViewConstraint.m */ = {isa = PBXFileReference; fileEncoding = 4; lastKnownFileType = sourcecode.c.objc; path = MASViewConstraint.m; sourceTree = "<group>"; };
		BC4CFD211CB4F05900821D1F /* NSArray+MASAdditions.h */ = {isa = PBXFileReference; fileEncoding = 4; lastKnownFileType = sourcecode.c.h; path = "NSArray+MASAdditions.h"; sourceTree = "<group>"; };
		BC4CFD221CB4F05900821D1F /* NSArray+MASAdditions.m */ = {isa = PBXFileReference; fileEncoding = 4; lastKnownFileType = sourcecode.c.objc; path = "NSArray+MASAdditions.m"; sourceTree = "<group>"; };
		BC4CFD231CB4F05900821D1F /* NSArray+MASShorthandAdditions.h */ = {isa = PBXFileReference; fileEncoding = 4; lastKnownFileType = sourcecode.c.h; path = "NSArray+MASShorthandAdditions.h"; sourceTree = "<group>"; };
		BC4CFD241CB4F05900821D1F /* NSLayoutConstraint+MASDebugAdditions.h */ = {isa = PBXFileReference; fileEncoding = 4; lastKnownFileType = sourcecode.c.h; path = "NSLayoutConstraint+MASDebugAdditions.h"; sourceTree = "<group>"; };
		BC4CFD251CB4F05900821D1F /* NSLayoutConstraint+MASDebugAdditions.m */ = {isa = PBXFileReference; fileEncoding = 4; lastKnownFileType = sourcecode.c.objc; path = "NSLayoutConstraint+MASDebugAdditions.m"; sourceTree = "<group>"; };
		BC4CFD261CB4F05900821D1F /* View+MASAdditions.h */ = {isa = PBXFileReference; fileEncoding = 4; lastKnownFileType = sourcecode.c.h; path = "View+MASAdditions.h"; sourceTree = "<group>"; };
		BC4CFD271CB4F05900821D1F /* View+MASAdditions.m */ = {isa = PBXFileReference; fileEncoding = 4; lastKnownFileType = sourcecode.c.objc; path = "View+MASAdditions.m"; sourceTree = "<group>"; };
		BC4CFD281CB4F05900821D1F /* View+MASShorthandAdditions.h */ = {isa = PBXFileReference; fileEncoding = 4; lastKnownFileType = sourcecode.c.h; path = "View+MASShorthandAdditions.h"; sourceTree = "<group>"; };
		BC4CFD291CB4F05900821D1F /* ViewController+MASAdditions.h */ = {isa = PBXFileReference; fileEncoding = 4; lastKnownFileType = sourcecode.c.h; path = "ViewController+MASAdditions.h"; sourceTree = "<group>"; };
		BC4CFD2A1CB4F05900821D1F /* ViewController+MASAdditions.m */ = {isa = PBXFileReference; fileEncoding = 4; lastKnownFileType = sourcecode.c.objc; path = "ViewController+MASAdditions.m"; sourceTree = "<group>"; };
		BC4CFD371CB4F3EA00821D1F /* DLCollectionView.h */ = {isa = PBXFileReference; fileEncoding = 4; lastKnownFileType = sourcecode.c.h; path = DLCollectionView.h; sourceTree = "<group>"; };
		BC4CFD381CB4F3EA00821D1F /* DLCollectionView.m */ = {isa = PBXFileReference; fileEncoding = 4; lastKnownFileType = sourcecode.c.objc; path = DLCollectionView.m; sourceTree = "<group>"; };
		BC5E6A401CB74655000BD915 /* DLCompoundProjectTodayExtension.appex */ = {isa = PBXFileReference; explicitFileType = "wrapper.app-extension"; includeInIndex = 0; path = DLCompoundProjectTodayExtension.appex; sourceTree = BUILT_PRODUCTS_DIR; };
		BC5E6A421CB74655000BD915 /* NotificationCenter.framework */ = {isa = PBXFileReference; lastKnownFileType = wrapper.framework; name = NotificationCenter.framework; path = System/Library/Frameworks/NotificationCenter.framework; sourceTree = SDKROOT; };
		BC5E6A451CB74655000BD915 /* TodayViewController.h */ = {isa = PBXFileReference; lastKnownFileType = sourcecode.c.h; path = TodayViewController.h; sourceTree = "<group>"; };
		BC5E6A461CB74655000BD915 /* TodayViewController.m */ = {isa = PBXFileReference; lastKnownFileType = sourcecode.c.objc; path = TodayViewController.m; sourceTree = "<group>"; };
		BC5E6A491CB74655000BD915 /* Base */ = {isa = PBXFileReference; lastKnownFileType = file.storyboard; name = Base; path = Base.lproj/MainInterface.storyboard; sourceTree = "<group>"; };
		BC5E6A4B1CB74655000BD915 /* Info.plist */ = {isa = PBXFileReference; lastKnownFileType = text.plist.xml; path = Info.plist; sourceTree = "<group>"; };
		BC5E6A761CB77F41000BD915 /* DLStackViewController.h */ = {isa = PBXFileReference; fileEncoding = 4; lastKnownFileType = sourcecode.c.h; path = DLStackViewController.h; sourceTree = "<group>"; };
		BC5E6A771CB77F41000BD915 /* DLStackViewController.m */ = {isa = PBXFileReference; fileEncoding = 4; lastKnownFileType = sourcecode.c.objc; path = DLStackViewController.m; sourceTree = "<group>"; };
		BC5FA37D1CB4FA1F001CF4E9 /* DLCollectionViewCell.h */ = {isa = PBXFileReference; fileEncoding = 4; lastKnownFileType = sourcecode.c.h; path = DLCollectionViewCell.h; sourceTree = "<group>"; };
		BC5FA37E1CB4FA1F001CF4E9 /* DLCollectionViewCell.m */ = {isa = PBXFileReference; fileEncoding = 4; lastKnownFileType = sourcecode.c.objc; path = DLCollectionViewCell.m; sourceTree = "<group>"; };
/* End PBXFileReference section */

/* Begin PBXFrameworksBuildPhase section */
		BC4CFCF21CB4EF7500821D1F /* Frameworks */ = {
			isa = PBXFrameworksBuildPhase;
			buildActionMask = 2147483647;
			files = (
			);
			runOnlyForDeploymentPostprocessing = 0;
		};
		BC5E6A3D1CB74655000BD915 /* Frameworks */ = {
			isa = PBXFrameworksBuildPhase;
			buildActionMask = 2147483647;
			files = (
				BC5E6A431CB74655000BD915 /* NotificationCenter.framework in Frameworks */,
			);
			runOnlyForDeploymentPostprocessing = 0;
		};
/* End PBXFrameworksBuildPhase section */

/* Begin PBXGroup section */
		BC12DE751CB7B1100066C860 /* CoreData&NavigationAnimation */ = {
			isa = PBXGroup;
			children = (
				BC12DE9C1CB7B2170066C860 /* DLCompoundProject.xcdatamodeld */,
				BC12DE9F1CB7B3240066C860 /* DLCoreDataViewController.h */,
				BC12DEA01CB7B3240066C860 /* DLCoreDataViewController.m */,
				BC12DEA21CB7B5670066C860 /* DLCoredataTableviewCell.h */,
				BC12DEA31CB7B5670066C860 /* DLCoredataTableviewCell.m */,
			);
			path = "CoreData&NavigationAnimation";
			sourceTree = "<group>";
		};
		BC2B219D1CB62EFC00088B77 /* Class */ = {
			isa = PBXGroup;
			children = (
				BC12DE751CB7B1100066C860 /* CoreData&NavigationAnimation */,
				BC2B21A41CB6363000088B77 /* 3DTransition */,
				BC4CFD361CB4F3C100821D1F /* CollectionViewEmbededTableView */,
				BC2B219E1CB62EFC00088B77 /* TransitionAnimation */,
			);
			path = Class;
			sourceTree = "<group>";
		};
		BC2B219E1CB62EFC00088B77 /* TransitionAnimation */ = {
			isa = PBXGroup;
			children = (
				BC2B219F1CB62F4000088B77 /* DLTransitionAnimator.h */,
				BC2B21A01CB62F4000088B77 /* DLTransitionAnimator.m */,
			);
			path = TransitionAnimation;
			sourceTree = "<group>";
		};
		BC2B21A41CB6363000088B77 /* 3DTransition */ = {
			isa = PBXGroup;
			children = (
				BC2B21A51CB6365000088B77 /* DL3DTransitionMenuTableViewController.h */,
				BC2B21A61CB6365000088B77 /* DL3DTransitionMenuTableViewController.m */,
				BC2B21AE1CB6459900088B77 /* DL3DMainViewController.h */,
				BC2B21AF1CB6459900088B77 /* DL3DMainViewController.m */,
				BC2B21A81CB636A900088B77 /* DLMenuModel.h */,
				BC2B21A91CB636A900088B77 /* DLMenuModel.m */,
				BC2B21AB1CB63C0500088B77 /* DL3DViewController.h */,
				BC2B21AC1CB63C0500088B77 /* DL3DViewController.m */,
				BC5E6A761CB77F41000BD915 /* DLStackViewController.h */,
				BC5E6A771CB77F41000BD915 /* DLStackViewController.m */,
			);
			path = 3DTransition;
			sourceTree = "<group>";
		};
		BC4CFCEC1CB4EF7500821D1F = {
			isa = PBXGroup;
			children = (
				BC4CFCF71CB4EF7500821D1F /* DLCompoundProject */,
				BC5E6A441CB74655000BD915 /* DLCompoundProjectTodayExtension */,
				BC5E6A411CB74655000BD915 /* Frameworks */,
				BC4CFCF61CB4EF7500821D1F /* Products */,
			);
			sourceTree = "<group>";
		};
		BC4CFCF61CB4EF7500821D1F /* Products */ = {
			isa = PBXGroup;
			children = (
				BC4CFCF51CB4EF7500821D1F /* DLCompoundProject.app */,
				BC5E6A401CB74655000BD915 /* DLCompoundProjectTodayExtension.appex */,
			);
			name = Products;
			sourceTree = "<group>";
		};
		BC4CFCF71CB4EF7500821D1F /* DLCompoundProject */ = {
			isa = PBXGroup;
			children = (
				BC2B219D1CB62EFC00088B77 /* Class */,
				BC4CFD0F1CB4EFE400821D1F /* ThirdParty */,
				BC4CFD011CB4EF7500821D1F /* Main.storyboard */,
				BC4CFD041CB4EF7500821D1F /* Assets.xcassets */,
				BC4CFCF81CB4EF7500821D1F /* Supporting Files */,
			);
			path = DLCompoundProject;
			sourceTree = "<group>";
		};
		BC4CFCF81CB4EF7500821D1F /* Supporting Files */ = {
			isa = PBXGroup;
			children = (
				BC4CFCFB1CB4EF7500821D1F /* AppDelegate.h */,
				BC4CFCFC1CB4EF7500821D1F /* AppDelegate.m */,
				BC4CFD061CB4EF7500821D1F /* LaunchScreen.storyboard */,
				BC4CFD091CB4EF7500821D1F /* Info.plist */,
				BC4CFCF91CB4EF7500821D1F /* main.m */,
				BC2B21991CB5F69F00088B77 /* DLCompoundProject.pch */,
			);
			name = "Supporting Files";
			sourceTree = "<group>";
		};
		BC4CFD0F1CB4EFE400821D1F /* ThirdParty */ = {
			isa = PBXGroup;
			children = (
				BC4CFD101CB4F05900821D1F /* Masonry */,
			);
			path = ThirdParty;
			sourceTree = "<group>";
		};
		BC4CFD101CB4F05900821D1F /* Masonry */ = {
			isa = PBXGroup;
			children = (
				BC4CFD111CB4F05900821D1F /* Info.plist */,
				BC4CFD121CB4F05900821D1F /* MASCompositeConstraint.h */,
				BC4CFD131CB4F05900821D1F /* MASCompositeConstraint.m */,
				BC4CFD141CB4F05900821D1F /* MASConstraint+Private.h */,
				BC4CFD151CB4F05900821D1F /* MASConstraint.h */,
				BC4CFD161CB4F05900821D1F /* MASConstraint.m */,
				BC4CFD171CB4F05900821D1F /* MASConstraintMaker.h */,
				BC4CFD181CB4F05900821D1F /* MASConstraintMaker.m */,
				BC4CFD191CB4F05900821D1F /* MASLayoutConstraint.h */,
				BC4CFD1A1CB4F05900821D1F /* MASLayoutConstraint.m */,
				BC4CFD1B1CB4F05900821D1F /* Masonry.h */,
				BC4CFD1C1CB4F05900821D1F /* MASUtilities.h */,
				BC4CFD1D1CB4F05900821D1F /* MASViewAttribute.h */,
				BC4CFD1E1CB4F05900821D1F /* MASViewAttribute.m */,
				BC4CFD1F1CB4F05900821D1F /* MASViewConstraint.h */,
				BC4CFD201CB4F05900821D1F /* MASViewConstraint.m */,
				BC4CFD211CB4F05900821D1F /* NSArray+MASAdditions.h */,
				BC4CFD221CB4F05900821D1F /* NSArray+MASAdditions.m */,
				BC4CFD231CB4F05900821D1F /* NSArray+MASShorthandAdditions.h */,
				BC4CFD241CB4F05900821D1F /* NSLayoutConstraint+MASDebugAdditions.h */,
				BC4CFD251CB4F05900821D1F /* NSLayoutConstraint+MASDebugAdditions.m */,
				BC4CFD261CB4F05900821D1F /* View+MASAdditions.h */,
				BC4CFD271CB4F05900821D1F /* View+MASAdditions.m */,
				BC4CFD281CB4F05900821D1F /* View+MASShorthandAdditions.h */,
				BC4CFD291CB4F05900821D1F /* ViewController+MASAdditions.h */,
				BC4CFD2A1CB4F05900821D1F /* ViewController+MASAdditions.m */,
			);
			path = Masonry;
			sourceTree = "<group>";
		};
		BC4CFD361CB4F3C100821D1F /* CollectionViewEmbededTableView */ = {
			isa = PBXGroup;
			children = (
				BC4CFCFE1CB4EF7500821D1F /* ViewController.h */,
				BC4CFCFF1CB4EF7500821D1F /* ViewController.m */,
				BC4CFD371CB4F3EA00821D1F /* DLCollectionView.h */,
				BC4CFD381CB4F3EA00821D1F /* DLCollectionView.m */,
				BC5FA37D1CB4FA1F001CF4E9 /* DLCollectionViewCell.h */,
				BC5FA37E1CB4FA1F001CF4E9 /* DLCollectionViewCell.m */,
				BC2B219A1CB60F9300088B77 /* DLRedirectFromTbaleViewController.h */,
				BC2B219B1CB60F9300088B77 /* DLRedirectFromTbaleViewController.m */,
			);
			name = CollectionViewEmbededTableView;
			path = ../CollectionViewEmbededTableView;
			sourceTree = "<group>";
		};
		BC5E6A411CB74655000BD915 /* Frameworks */ = {
			isa = PBXGroup;
			children = (
				BC5E6A421CB74655000BD915 /* NotificationCenter.framework */,
			);
			name = Frameworks;
			sourceTree = "<group>";
		};
		BC5E6A441CB74655000BD915 /* DLCompoundProjectTodayExtension */ = {
			isa = PBXGroup;
			children = (
				BC5E6A451CB74655000BD915 /* TodayViewController.h */,
				BC5E6A461CB74655000BD915 /* TodayViewController.m */,
				BC5E6A481CB74655000BD915 /* MainInterface.storyboard */,
				BC5E6A4B1CB74655000BD915 /* Info.plist */,
			);
			path = DLCompoundProjectTodayExtension;
			sourceTree = "<group>";
		};
/* End PBXGroup section */

/* Begin PBXNativeTarget section */
		BC4CFCF41CB4EF7500821D1F /* DLCompoundProject */ = {
			isa = PBXNativeTarget;
			buildConfigurationList = BC4CFD0C1CB4EF7500821D1F /* Build configuration list for PBXNativeTarget "DLCompoundProject" */;
			buildPhases = (
				BC4CFCF11CB4EF7500821D1F /* Sources */,
				BC4CFCF21CB4EF7500821D1F /* Frameworks */,
				BC4CFCF31CB4EF7500821D1F /* Resources */,
				BC5E6A521CB74655000BD915 /* Embed App Extensions */,
			);
			buildRules = (
			);
			dependencies = (
				BC5E6A4D1CB74655000BD915 /* PBXTargetDependency */,
			);
			name = DLCompoundProject;
			productName = DLCompoundProject;
			productReference = BC4CFCF51CB4EF7500821D1F /* DLCompoundProject.app */;
			productType = "com.apple.product-type.application";
		};
		BC5E6A3F1CB74655000BD915 /* DLCompoundProjectTodayExtension */ = {
			isa = PBXNativeTarget;
			buildConfigurationList = BC5E6A511CB74655000BD915 /* Build configuration list for PBXNativeTarget "DLCompoundProjectTodayExtension" */;
			buildPhases = (
				BC5E6A3C1CB74655000BD915 /* Sources */,
				BC5E6A3D1CB74655000BD915 /* Frameworks */,
				BC5E6A3E1CB74655000BD915 /* Resources */,
			);
			buildRules = (
			);
			dependencies = (
			);
			name = DLCompoundProjectTodayExtension;
			productName = DLCompoundProjectTodayExtension;
			productReference = BC5E6A401CB74655000BD915 /* DLCompoundProjectTodayExtension.appex */;
			productType = "com.apple.product-type.app-extension";
		};
/* End PBXNativeTarget section */

/* Begin PBXProject section */
		BC4CFCED1CB4EF7500821D1F /* Project object */ = {
			isa = PBXProject;
			attributes = {
				CLASSPREFIX = DL;
				LastUpgradeCheck = 0730;
				ORGANIZATIONNAME = "Dean Lee";
				TargetAttributes = {
					BC4CFCF41CB4EF7500821D1F = {
						CreatedOnToolsVersion = 7.3;
					};
					BC5E6A3F1CB74655000BD915 = {
						CreatedOnToolsVersion = 7.3;
					};
				};
			};
			buildConfigurationList = BC4CFCF01CB4EF7500821D1F /* Build configuration list for PBXProject "DLCompoundProject" */;
			compatibilityVersion = "Xcode 3.2";
			developmentRegion = English;
			hasScannedForEncodings = 0;
			knownRegions = (
				en,
				Base,
			);
			mainGroup = BC4CFCEC1CB4EF7500821D1F;
			productRefGroup = BC4CFCF61CB4EF7500821D1F /* Products */;
			projectDirPath = "";
			projectRoot = "";
			targets = (
				BC4CFCF41CB4EF7500821D1F /* DLCompoundProject */,
				BC5E6A3F1CB74655000BD915 /* DLCompoundProjectTodayExtension */,
			);
		};
/* End PBXProject section */

/* Begin PBXResourcesBuildPhase section */
		BC4CFCF31CB4EF7500821D1F /* Resources */ = {
			isa = PBXResourcesBuildPhase;
			buildActionMask = 2147483647;
			files = (
				BC4CFD2B1CB4F05900821D1F /* Info.plist in Resources */,
				BC4CFD081CB4EF7500821D1F /* LaunchScreen.storyboard in Resources */,
				BC4CFD051CB4EF7500821D1F /* Assets.xcassets in Resources */,
				BC4CFD031CB4EF7500821D1F /* Main.storyboard in Resources */,
			);
			runOnlyForDeploymentPostprocessing = 0;
		};
		BC5E6A3E1CB74655000BD915 /* Resources */ = {
			isa = PBXResourcesBuildPhase;
			buildActionMask = 2147483647;
			files = (
				BC5E6A4A1CB74655000BD915 /* MainInterface.storyboard in Resources */,
			);
			runOnlyForDeploymentPostprocessing = 0;
		};
/* End PBXResourcesBuildPhase section */

/* Begin PBXSourcesBuildPhase section */
		BC4CFCF11CB4EF7500821D1F /* Sources */ = {
			isa = PBXSourcesBuildPhase;
			buildActionMask = 2147483647;
			files = (
				BC4CFD331CB4F05900821D1F /* NSLayoutConstraint+MASDebugAdditions.m in Sources */,
				BC12DE9E1CB7B2170066C860 /* DLCompoundProject.xcdatamodeld in Sources */,
				BC2B21AD1CB63C0500088B77 /* DL3DViewController.m in Sources */,
				BC4CFD311CB4F05900821D1F /* MASViewConstraint.m in Sources */,
				BC4CFD2C1CB4F05900821D1F /* MASCompositeConstraint.m in Sources */,
				BC2B219C1CB60F9300088B77 /* DLRedirectFromTbaleViewController.m in Sources */,
				BC2B21B01CB6459900088B77 /* DL3DMainViewController.m in Sources */,
				BC2B21A71CB6365000088B77 /* DL3DTransitionMenuTableViewController.m in Sources */,
				BC4CFD321CB4F05900821D1F /* NSArray+MASAdditions.m in Sources */,
				BC4CFD001CB4EF7500821D1F /* ViewController.m in Sources */,
				BC2B21AA1CB636A900088B77 /* DLMenuModel.m in Sources */,
				BC4CFCFD1CB4EF7500821D1F /* AppDelegate.m in Sources */,
				BC5FA37F1CB4FA1F001CF4E9 /* DLCollectionViewCell.m in Sources */,
				BC2B21A11CB62F4000088B77 /* DLTransitionAnimator.m in Sources */,
				BC4CFD2F1CB4F05900821D1F /* MASLayoutConstraint.m in Sources */,
				BC4CFCFA1CB4EF7500821D1F /* main.m in Sources */,
				BC12DEA41CB7B5670066C860 /* DLCoredataTableviewCell.m in Sources */,
				BC5E6A781CB77F41000BD915 /* DLStackViewController.m in Sources */,
				BC4CFD391CB4F3EA00821D1F /* DLCollectionView.m in Sources */,
				BC4CFD351CB4F05900821D1F /* ViewController+MASAdditions.m in Sources */,
				BC4CFD341CB4F05900821D1F /* View+MASAdditions.m in Sources */,
				BC4CFD301CB4F05900821D1F /* MASViewAttribute.m in Sources */,
				BC4CFD2D1CB4F05900821D1F /* MASConstraint.m in Sources */,
				BC4CFD2E1CB4F05900821D1F /* MASConstraintMaker.m in Sources */,
				BC12DEA11CB7B3240066C860 /* DLCoreDataViewController.m in Sources */,
			);
			runOnlyForDeploymentPostprocessing = 0;
		};
		BC5E6A3C1CB74655000BD915 /* Sources */ = {
			isa = PBXSourcesBuildPhase;
			buildActionMask = 2147483647;
			files = (
				BC5E6A471CB74655000BD915 /* TodayViewController.m in Sources */,
			);
			runOnlyForDeploymentPostprocessing = 0;
		};
/* End PBXSourcesBuildPhase section */

/* Begin PBXTargetDependency section */
		BC5E6A4D1CB74655000BD915 /* PBXTargetDependency */ = {
			isa = PBXTargetDependency;
			target = BC5E6A3F1CB74655000BD915 /* DLCompoundProjectTodayExtension */;
			targetProxy = BC5E6A4C1CB74655000BD915 /* PBXContainerItemProxy */;
		};
/* End PBXTargetDependency section */

/* Begin PBXVariantGroup section */
		BC4CFD011CB4EF7500821D1F /* Main.storyboard */ = {
			isa = PBXVariantGroup;
			children = (
				BC4CFD021CB4EF7500821D1F /* Base */,
			);
			name = Main.storyboard;
			sourceTree = "<group>";
		};
		BC4CFD061CB4EF7500821D1F /* LaunchScreen.storyboard */ = {
			isa = PBXVariantGroup;
			children = (
				BC4CFD071CB4EF7500821D1F /* Base */,
			);
			name = LaunchScreen.storyboard;
			sourceTree = "<group>";
		};
		BC5E6A481CB74655000BD915 /* MainInterface.storyboard */ = {
			isa = PBXVariantGroup;
			children = (
				BC5E6A491CB74655000BD915 /* Base */,
			);
			name = MainInterface.storyboard;
			sourceTree = "<group>";
		};
/* End PBXVariantGroup section */

/* Begin XCBuildConfiguration section */
		BC4CFD0A1CB4EF7500821D1F /* Debug */ = {
			isa = XCBuildConfiguration;
			buildSettings = {
				ALWAYS_SEARCH_USER_PATHS = NO;
				CLANG_ANALYZER_NONNULL = YES;
				CLANG_CXX_LANGUAGE_STANDARD = "gnu++0x";
				CLANG_CXX_LIBRARY = "libc++";
				CLANG_ENABLE_MODULES = YES;
				CLANG_ENABLE_OBJC_ARC = YES;
				CLANG_WARN_BOOL_CONVERSION = YES;
				CLANG_WARN_CONSTANT_CONVERSION = YES;
				CLANG_WARN_DIRECT_OBJC_ISA_USAGE = YES_ERROR;
				CLANG_WARN_EMPTY_BODY = YES;
				CLANG_WARN_ENUM_CONVERSION = YES;
				CLANG_WARN_INT_CONVERSION = YES;
				CLANG_WARN_OBJC_ROOT_CLASS = YES_ERROR;
				CLANG_WARN_UNREACHABLE_CODE = YES;
				CLANG_WARN__DUPLICATE_METHOD_MATCH = YES;
				"CODE_SIGN_IDENTITY[sdk=iphoneos*]" = "iPhone Developer";
				COPY_PHASE_STRIP = NO;
				DEBUG_INFORMATION_FORMAT = dwarf;
				ENABLE_STRICT_OBJC_MSGSEND = YES;
				ENABLE_TESTABILITY = YES;
				GCC_C_LANGUAGE_STANDARD = gnu99;
				GCC_DYNAMIC_NO_PIC = NO;
				GCC_INCREASE_PRECOMPILED_HEADER_SHARING = NO;
				GCC_NO_COMMON_BLOCKS = YES;
				GCC_OPTIMIZATION_LEVEL = 0;
				GCC_PRECOMPILE_PREFIX_HEADER = YES;
				GCC_PREFIX_HEADER = DLCompoundProject/DLCompoundProject.pch;
				GCC_PREPROCESSOR_DEFINITIONS = (
					"DEBUG=1",
					"$(inherited)",
				);
				GCC_WARN_64_TO_32_BIT_CONVERSION = YES;
				GCC_WARN_ABOUT_RETURN_TYPE = YES_ERROR;
				GCC_WARN_UNDECLARED_SELECTOR = YES;
				GCC_WARN_UNINITIALIZED_AUTOS = YES_AGGRESSIVE;
				GCC_WARN_UNUSED_FUNCTION = YES;
				GCC_WARN_UNUSED_VARIABLE = YES;
				IPHONEOS_DEPLOYMENT_TARGET = 9.3;
				MTL_ENABLE_DEBUG_INFO = YES;
				ONLY_ACTIVE_ARCH = YES;
				SDKROOT = iphoneos;
				TARGETED_DEVICE_FAMILY = "1,2";
			};
			name = Debug;
		};
		BC4CFD0B1CB4EF7500821D1F /* Release */ = {
			isa = XCBuildConfiguration;
			buildSettings = {
				ALWAYS_SEARCH_USER_PATHS = NO;
				CLANG_ANALYZER_NONNULL = YES;
				CLANG_CXX_LANGUAGE_STANDARD = "gnu++0x";
				CLANG_CXX_LIBRARY = "libc++";
				CLANG_ENABLE_MODULES = YES;
				CLANG_ENABLE_OBJC_ARC = YES;
				CLANG_WARN_BOOL_CONVERSION = YES;
				CLANG_WARN_CONSTANT_CONVERSION = YES;
				CLANG_WARN_DIRECT_OBJC_ISA_USAGE = YES_ERROR;
				CLANG_WARN_EMPTY_BODY = YES;
				CLANG_WARN_ENUM_CONVERSION = YES;
				CLANG_WARN_INT_CONVERSION = YES;
				CLANG_WARN_OBJC_ROOT_CLASS = YES_ERROR;
				CLANG_WARN_UNREACHABLE_CODE = YES;
				CLANG_WARN__DUPLICATE_METHOD_MATCH = YES;
				"CODE_SIGN_IDENTITY[sdk=iphoneos*]" = "iPhone Developer";
				COPY_PHASE_STRIP = NO;
				DEBUG_INFORMATION_FORMAT = "dwarf-with-dsym";
				ENABLE_NS_ASSERTIONS = NO;
				ENABLE_STRICT_OBJC_MSGSEND = YES;
				GCC_C_LANGUAGE_STANDARD = gnu99;
				GCC_INCREASE_PRECOMPILED_HEADER_SHARING = NO;
				GCC_NO_COMMON_BLOCKS = YES;
				GCC_PRECOMPILE_PREFIX_HEADER = YES;
				GCC_PREFIX_HEADER = DLCompoundProject/DLCompoundProject.pch;
				GCC_WARN_64_TO_32_BIT_CONVERSION = YES;
				GCC_WARN_ABOUT_RETURN_TYPE = YES_ERROR;
				GCC_WARN_UNDECLARED_SELECTOR = YES;
				GCC_WARN_UNINITIALIZED_AUTOS = YES_AGGRESSIVE;
				GCC_WARN_UNUSED_FUNCTION = YES;
				GCC_WARN_UNUSED_VARIABLE = YES;
				IPHONEOS_DEPLOYMENT_TARGET = 9.3;
				MTL_ENABLE_DEBUG_INFO = NO;
				SDKROOT = iphoneos;
				TARGETED_DEVICE_FAMILY = "1,2";
				VALIDATE_PRODUCT = YES;
			};
			name = Release;
		};
		BC4CFD0D1CB4EF7500821D1F /* Debug */ = {
			isa = XCBuildConfiguration;
			buildSettings = {
				ASSETCATALOG_COMPILER_APPICON_NAME = AppIcon;
				CLANG_ENABLE_MODULES = YES;
				CODE_SIGN_IDENTITY = "";
				"CODE_SIGN_IDENTITY[sdk=iphoneos*]" = "iPhone Developer";
				INFOPLIST_FILE = DLCompoundProject/Info.plist;
				LD_RUNPATH_SEARCH_PATHS = "$(inherited) @executable_path/Frameworks";
				PRODUCT_BUNDLE_IDENTIFIER = DeanLee.DLCompoundProject;
				PRODUCT_NAME = "$(TARGET_NAME)";
				SWIFT_OPTIMIZATION_LEVEL = "-Onone";
			};
			name = Debug;
		};
		BC4CFD0E1CB4EF7500821D1F /* Release */ = {
			isa = XCBuildConfiguration;
			buildSettings = {
				ASSETCATALOG_COMPILER_APPICON_NAME = AppIcon;
				CLANG_ENABLE_MODULES = YES;
				CODE_SIGN_IDENTITY = "";
				"CODE_SIGN_IDENTITY[sdk=iphoneos*]" = "iPhone Developer";
				INFOPLIST_FILE = DLCompoundProject/Info.plist;
				LD_RUNPATH_SEARCH_PATHS = "$(inherited) @executable_path/Frameworks";
				PRODUCT_BUNDLE_IDENTIFIER = DeanLee.DLCompoundProject;
				PRODUCT_NAME = "$(TARGET_NAME)";
			};
			name = Release;
		};
		BC5E6A4F1CB74655000BD915 /* Debug */ = {
			isa = XCBuildConfiguration;
			buildSettings = {
				INFOPLIST_FILE = DLCompoundProjectTodayExtension/Info.plist;
				LD_RUNPATH_SEARCH_PATHS = "$(inherited) @executable_path/Frameworks @executable_path/../../Frameworks";
				PRODUCT_BUNDLE_IDENTIFIER = DeanLee.DLCompoundProject.DLCompoundProjectTodayExtension;
				PRODUCT_NAME = "$(TARGET_NAME)";
				SKIP_INSTALL = YES;
			};
			name = Debug;
		};
		BC5E6A501CB74655000BD915 /* Release */ = {
			isa = XCBuildConfiguration;
			buildSettings = {
				INFOPLIST_FILE = DLCompoundProjectTodayExtension/Info.plist;
				LD_RUNPATH_SEARCH_PATHS = "$(inherited) @executable_path/Frameworks @executable_path/../../Frameworks";
				PRODUCT_BUNDLE_IDENTIFIER = DeanLee.DLCompoundProject.DLCompoundProjectTodayExtension;
				PRODUCT_NAME = "$(TARGET_NAME)";
				SKIP_INSTALL = YES;
			};
			name = Release;
		};
/* End XCBuildConfiguration section */

/* Begin XCConfigurationList section */
		BC4CFCF01CB4EF7500821D1F /* Build configuration list for PBXProject "DLCompoundProject" */ = {
			isa = XCConfigurationList;
			buildConfigurations = (
				BC4CFD0A1CB4EF7500821D1F /* Debug */,
				BC4CFD0B1CB4EF7500821D1F /* Release */,
			);
			defaultConfigurationIsVisible = 0;
			defaultConfigurationName = Release;
		};
		BC4CFD0C1CB4EF7500821D1F /* Build configuration list for PBXNativeTarget "DLCompoundProject" */ = {
			isa = XCConfigurationList;
			buildConfigurations = (
				BC4CFD0D1CB4EF7500821D1F /* Debug */,
				BC4CFD0E1CB4EF7500821D1F /* Release */,
			);
			defaultConfigurationIsVisible = 0;
			defaultConfigurationName = Release;
		};
		BC5E6A511CB74655000BD915 /* Build configuration list for PBXNativeTarget "DLCompoundProjectTodayExtension" */ = {
			isa = XCConfigurationList;
			buildConfigurations = (
				BC5E6A4F1CB74655000BD915 /* Debug */,
				BC5E6A501CB74655000BD915 /* Release */,
			);
			defaultConfigurationIsVisible = 0;
			defaultConfigurationName = Release;
		};
/* End XCConfigurationList section */

/* Begin XCVersionGroup section */
		BC12DE9C1CB7B2170066C860 /* DLCompoundProject.xcdatamodeld */ = {
			isa = XCVersionGroup;
			children = (
				BC12DE9D1CB7B2170066C860 /* DLCompoundProject.xcdatamodel */,
			);
			currentVersion = BC12DE9D1CB7B2170066C860 /* DLCompoundProject.xcdatamodel */;
			path = DLCompoundProject.xcdatamodeld;
			sourceTree = "<group>";
			versionGroupType = wrapper.xcdatamodel;
		};
/* End XCVersionGroup section */
	};
	rootObject = BC4CFCED1CB4EF7500821D1F /* Project object */;
}
